Microsoft Visual Studio Solution File, Format Version 11.00
# Visual Studio 2008

Project("{38F99ABB-C1D3-39C2-77C0-669E7BC373C0}") = "SD", "Assembly-CSharp-firstpass-vs.csproj", "{F273CF6E-E7F2-4D4A-F6AE-6A71899A96E7}"
EndProject
Project("{38F99ABB-C1D3-39C2-77C0-669E7BC373C0}") = "SD", "Assembly-CSharp-vs.csproj", "{8C653A6E-E9D2-7B0B-CF61-EFBBE0307C8A}"
EndProject
Global
	GlobalSection(SolutionConfigurationPlatforms) = preSolution
		Debug|Any CPU = Debug|Any CPU
		Release|Any CPU = Release|Any CPU
	EndGlobalSection
	GlobalSection(ProjectConfigurationPlatforms) = postSolution
		{F273CF6E-E7F2-4D4A-F6AE-6A71899A96E7}.Debug|Any CPU.ActiveCfg = Debug|Any CPU
		{F273CF6E-E7F2-4D4A-F6AE-6A71899A96E7}.Debug|Any CPU.Build.0 = Debug|Any CPU
		{F273CF6E-E7F2-4D4A-F6AE-6A71899A96E7}.Release|Any CPU.ActiveCfg = Release|Any CPU
		{F273CF6E-E7F2-4D4A-F6AE-6A71899A96E7}.Release|Any CPU.Build.0 = Release|Any CPU
		{8C653A6E-E9D2-7B0B-CF61-EFBBE0307C8A}.Debug|Any CPU.ActiveCfg = Debug|Any CPU
		{8C653A6E-E9D2-7B0B-CF61-EFBBE0307C8A}.Debug|Any CPU.Build.0 = Debug|Any CPU
		{8C653A6E-E9D2-7B0B-CF61-EFBBE0307C8A}.Release|Any CPU.ActiveCfg = Release|Any CPU
		{8C653A6E-E9D2-7B0B-CF61-EFBBE0307C8A}.Release|Any CPU.Build.0 = Release|Any CPU
	EndGlobalSection
	GlobalSection(SolutionProperties) = preSolution
		HideSolutionNode = FALSE
	EndGlobalSection
																																																																																																																																																																																																																														GlobalSection(MonoDevelopProperties) = preSolution
																																																																																																																																				GlobalSection(MonoDevelopProperties) = preSolution
		StartupItem = Assembly-CSharp.csproj
		Policies = $0
		$0.TextStylePolicy = $1
		$1.inheritsSet = null
		$1.scope = text/x-csharp
		$0.CSharpFormattingPolicy = $2
		$2.inheritsSet = Mono
		$2.inheritsScope = text/x-csharp
		$2.scope = text/x-csharp
		$0.TextStylePolicy = $3
		$3.FileWidth = 120
		$3.TabWidth = 4
		$3.EolMarker = Unix
		$3.inheritsSet = Mono
		$3.inheritsScope = text/plain
		$3.scope = text/plain
	EndGlobalSection

EndGlobal
